
Microsoft Visual Studio Solution File, Format Version 12.00
# Visual Studio Version 17
VisualStudioVersion = 17.0.32112.339
MinimumVisualStudioVersion = 10.0.40219.1
Project("{9A19103F-16F7-4668-BE54-9A1E7A4F7556}") = "MobileWorld", "MobileWorld.csproj", "{E035A033-3050-4BBC-A642-4D32AA0A901D}"
EndProject
Project("{FAE04EC0-301F-11D3-BF4B-00C04F79EFBC}") = "MobileWorld.Core", "..\MobileWorld.Core\MobileWorld.Core.csproj", "{19AFC3E5-B09E-4973-9E36-C272C8135E50}"
EndProject
Project("{FAE04EC0-301F-11D3-BF4B-00C04F79EFBC}") = "MobileWorld.Infrastructure", "..\MobileWorld.Infrastructure\MobileWorld.Infrastructure.csproj", "{CA8074EA-2880-49A1-9DF3-9214865050FF}"
EndProject
Global
	GlobalSection(SolutionConfigurationPlatforms) = preSolution
		Debug|Any CPU = Debug|Any CPU
		Release|Any CPU = Release|Any CPU
	EndGlobalSection
	GlobalSection(ProjectConfigurationPlatforms) = postSolution
		{E035A033-3050-4BBC-A642-4D32AA0A901D}.Debug|Any CPU.ActiveCfg = Debug|Any CPU
		{E035A033-3050-4BBC-A642-4D32AA0A901D}.Debug|Any CPU.Build.0 = Debug|Any CPU
		{E035A033-3050-4BBC-A642-4D32AA0A901D}.Release|Any CPU.ActiveCfg = Release|Any CPU
		{E035A033-3050-4BBC-A642-4D32AA0A901D}.Release|Any CPU.Build.0 = Release|Any CPU
		{19AFC3E5-B09E-4973-9E36-C272C8135E50}.Debug|Any CPU.ActiveCfg = Debug|Any CPU
		{19AFC3E5-B09E-4973-9E36-C272C8135E50}.Debug|Any CPU.Build.0 = Debug|Any CPU
		{19AFC3E5-B09E-4973-9E36-C272C8135E50}.Release|Any CPU.ActiveCfg = Release|Any CPU
		{19AFC3E5-B09E-4973-9E36-C272C8135E50}.Release|Any CPU.Build.0 = Release|Any CPU
		{CA8074EA-2880-49A1-9DF3-9214865050FF}.Debug|Any CPU.ActiveCfg = Debug|Any CPU
		{CA8074EA-2880-49A1-9DF3-9214865050FF}.Debug|Any CPU.Build.0 = Debug|Any CPU
		{CA8074EA-2880-49A1-9DF3-9214865050FF}.Release|Any CPU.ActiveCfg = Release|Any CPU
		{CA8074EA-2880-49A1-9DF3-9214865050FF}.Release|Any CPU.Build.0 = Release|Any CPU
	EndGlobalSection
	GlobalSection(SolutionProperties) = preSolution
		HideSolutionNode = FALSE
	EndGlobalSection
	GlobalSection(ExtensibilityGlobals) = postSolution
		SolutionGuid = {98F1460D-09A8-4D2F-93C5-EE58990AA1C9}
	EndGlobalSection
EndGlobal
