
Microsoft Visual Studio Solution File, Format Version 12.00
# Visual Studio Version 17
VisualStudioVersion = 17.0.32112.339
MinimumVisualStudioVersion = 10.0.40219.1
Project("{9A19103F-16F7-4668-BE54-9A1E7A4F7556}") = "MobileWorld", "MobileWorld.csproj", "{E035A033-3050-4BBC-A642-4D32AA0A901D}"
EndProject
Project("{FAE04EC0-301F-11D3-BF4B-00C04F79EFBC}") = "AppData", "..\AppData\AppData.csproj", "{2BF43D5F-FFDE-412B-83C4-BF6C84CD4B88}"
EndProject
Global
	GlobalSection(SolutionConfigurationPlatforms) = preSolution
		Debug|Any CPU = Debug|Any CPU
		Release|Any CPU = Release|Any CPU
	EndGlobalSection
	GlobalSection(ProjectConfigurationPlatforms) = postSolution
		{E035A033-3050-4BBC-A642-4D32AA0A901D}.Debug|Any CPU.ActiveCfg = Debug|Any CPU
		{E035A033-3050-4BBC-A642-4D32AA0A901D}.Debug|Any CPU.Build.0 = Debug|Any CPU
		{E035A033-3050-4BBC-A642-4D32AA0A901D}.Release|Any CPU.ActiveCfg = Release|Any CPU
		{E035A033-3050-4BBC-A642-4D32AA0A901D}.Release|Any CPU.Build.0 = Release|Any CPU
		{2BF43D5F-FFDE-412B-83C4-BF6C84CD4B88}.Debug|Any CPU.ActiveCfg = Debug|Any CPU
		{2BF43D5F-FFDE-412B-83C4-BF6C84CD4B88}.Debug|Any CPU.Build.0 = Debug|Any CPU
		{2BF43D5F-FFDE-412B-83C4-BF6C84CD4B88}.Release|Any CPU.ActiveCfg = Release|Any CPU
		{2BF43D5F-FFDE-412B-83C4-BF6C84CD4B88}.Release|Any CPU.Build.0 = Release|Any CPU
	EndGlobalSection
	GlobalSection(SolutionProperties) = preSolution
		HideSolutionNode = FALSE
	EndGlobalSection
	GlobalSection(ExtensibilityGlobals) = postSolution
		SolutionGuid = {98F1460D-09A8-4D2F-93C5-EE58990AA1C9}
	EndGlobalSection
EndGlobal
